#MicroXplorer Configuration settings - do not modify
CAD.formats=
CAD.pinconfig=
CAD.provider=
File.Version=6
GPIO.groupedBy=Group By Peripherals
I2C1.I2C_Mode=I2C_Fast
I2C1.IPParameters=I2C_Mode
KeepUserPlacement=false
Mcu.CPN=STM32F411RET6
Mcu.Family=STM32F4
Mcu.IP0=I2C1
Mcu.IP1=I2C2
Mcu.IP2=I2C3
Mcu.IP3=NVIC
Mcu.IP4=RCC
Mcu.IP5=RTC
Mcu.IP6=SYS
Mcu.IP7=TIM1
Mcu.IP8=USART1
Mcu.IPNb=9
Mcu.Name=STM32F411R(C-E)Tx
Mcu.Package=LQFP64
Mcu.Pin0=PH0 - OSC_IN
Mcu.Pin1=PH1 - OSC_OUT
Mcu.Pin10=PA8
Mcu.Pin11=PA9
Mcu.Pin12=PA10
Mcu.Pin13=PA13
Mcu.Pin14=PA14
Mcu.Pin15=PB3
Mcu.Pin16=PB6
Mcu.Pin17=PB7
Mcu.Pin18=VP_RTC_VS_RTC_Activate
Mcu.Pin19=VP_SYS_VS_Systick
Mcu.Pin2=PB0
Mcu.Pin20=VP_TIM1_VS_ClockSourceINT
Mcu.Pin3=PB1
Mcu.Pin4=PB10
Mcu.Pin5=PB12
Mcu.Pin6=PB13
Mcu.Pin7=PB14
Mcu.Pin8=PB15
Mcu.Pin9=PC9
Mcu.PinsNb=21
Mcu.ThirdPartyNb=0
Mcu.UserConstants=
Mcu.UserName=STM32F411RETx
MxCube.Version=6.13.0
MxDb.Version=DB.6.0.130
NVIC.BusFault_IRQn=true\:0\:0\:false\:false\:true\:false\:false\:false
NVIC.DebugMonitor_IRQn=true\:0\:0\:false\:false\:true\:false\:false\:false
NVIC.EXTI0_IRQn=true\:0\:0\:false\:false\:true\:true\:true\:true
NVIC.EXTI1_IRQn=true\:0\:0\:false\:false\:true\:true\:true\:true
NVIC.ForceEnableDMAVector=true
NVIC.HardFault_IRQn=true\:0\:0\:false\:false\:true\:false\:false\:false
NVIC.MemoryManagement_IRQn=true\:0\:0\:false\:false\:true\:false\:false\:false
NVIC.NonMaskableInt_IRQn=true\:0\:0\:false\:false\:true\:false\:false\:false
NVIC.PendSV_IRQn=true\:0\:0\:false\:false\:true\:false\:false\:false
NVIC.PriorityGroup=NVIC_PRIORITYGROUP_4
NVIC.RCC_IRQn=true\:0\:0\:false\:false\:true\:true\:false\:true
NVIC.SVCall_IRQn=true\:0\:0\:false\:false\:true\:false\:false\:false
NVIC.SysTick_IRQn=true\:15\:0\:false\:false\:true\:false\:true\:false
NVIC.USART1_IRQn=true\:0\:0\:false\:false\:true\:true\:true\:true
NVIC.UsageFault_IRQn=true\:0\:0\:false\:false\:true\:false\:false\:false
PA10.Mode=Asynchronous
PA10.Signal=USART1_RX
PA13.Mode=Serial_Wire
PA13.Signal=SYS_JTMS-SWDIO
PA14.Mode=Serial_Wire
PA14.Signal=SYS_JTCK-SWCLK
PA8.GPIOParameters=GPIO_Pu
PA8.GPIO_Pu=GPIO_PULLUP
PA8.Mode=I2C
PA8.Signal=I2C3_SCL
PA9.Mode=Asynchronous
PA9.Signal=USART1_TX
PB0.GPIOParameters=GPIO_PuPd,GPIO_Label,GPIO_ModeDefaultEXTI
PB0.GPIO_Label=SW_MODE_1
PB0.GPIO_ModeDefaultEXTI=GPIO_MODE_IT_RISING_FALLING
PB0.GPIO_PuPd=GPIO_PULLUP
PB0.Locked=true
PB0.Signal=GPXTI0
PB1.GPIOParameters=GPIO_PuPd,GPIO_Label,GPIO_ModeDefaultEXTI
PB1.GPIO_Label=SW_MODE_2
PB1.GPIO_ModeDefaultEXTI=GPIO_MODE_IT_RISING_FALLING
PB1.GPIO_PuPd=GPIO_PULLUP
PB1.Locked=true
PB1.Signal=GPXTI1
PB10.GPIOParameters=GPIO_Pu
PB10.GPIO_Pu=GPIO_PULLUP
PB10.Mode=I2C
PB10.Signal=I2C2_SCL
PB12.GPIOParameters=GPIO_Speed,GPIO_Label
PB12.GPIO_Label=GATE_1_OUT
PB12.GPIO_Speed=GPIO_SPEED_FREQ_MEDIUM
PB12.Locked=true
PB12.Signal=GPIO_Output
PB13.GPIOParameters=GPIO_Label
PB13.GPIO_Label=GATE_2_OUT
PB13.Locked=true
PB13.Signal=GPIO_Output
PB14.GPIOParameters=GPIO_Label
PB14.GPIO_Label=GATE_3_OUT
PB14.Locked=true
PB14.Signal=GPIO_Output
PB15.GPIOParameters=GPIO_Label
PB15.GPIO_Label=GATE_4_OUT
PB15.Locked=true
PB15.Signal=GPIO_Output
PB3.GPIOParameters=GPIO_Pu
PB3.GPIO_Pu=GPIO_PULLUP
PB3.Mode=I2C
PB3.Signal=I2C2_SDA
PB6.GPIOParameters=GPIO_Pu
PB6.GPIO_Pu=GPIO_PULLUP
PB6.Mode=I2C
PB6.Signal=I2C1_SCL
PB7.GPIOParameters=GPIO_Pu
PB7.GPIO_Pu=GPIO_PULLUP
PB7.Mode=I2C
PB7.Signal=I2C1_SDA
PC9.GPIOParameters=GPIO_Pu
PC9.GPIO_Pu=GPIO_PULLUP
PC9.Mode=I2C
PC9.Signal=I2C3_SDA
PH0\ -\ OSC_IN.Mode=HSE-External-Oscillator
PH0\ -\ OSC_IN.Signal=RCC_OSC_IN
PH1\ -\ OSC_OUT.Mode=HSE-External-Oscillator
PH1\ -\ OSC_OUT.Signal=RCC_OSC_OUT
PinOutPanel.RotationAngle=0
ProjectManager.AskForMigrate=true
ProjectManager.BackupPrevious=false
ProjectManager.CompilerOptimize=6
ProjectManager.ComputerToolchain=false
ProjectManager.CoupleFile=false
ProjectManager.CustomerFirmwarePackage=
ProjectManager.DefaultFWLocation=true
ProjectManager.DeletePrevious=true
ProjectManager.DeviceId=STM32F411RETx
ProjectManager.FirmwarePackage=STM32Cube FW_F4 V1.28.1
ProjectManager.FreePins=false
ProjectManager.HalAssertFull=false
ProjectManager.HeapSize=0x200
ProjectManager.KeepUserCode=true
ProjectManager.LastFirmware=true
ProjectManager.LibraryCopy=1
ProjectManager.MainLocation=Core/Src
ProjectManager.NoMain=false
ProjectManager.PreviousToolchain=STM32CubeIDE
ProjectManager.ProjectBuild=false
ProjectManager.ProjectFileName=midi-2-cv-v2.ioc
ProjectManager.ProjectName=midi-2-cv-v2
ProjectManager.ProjectStructure=
ProjectManager.RegisterCallBack=
ProjectManager.StackSize=0x400
ProjectManager.TargetToolchain=STM32CubeIDE
ProjectManager.ToolChainLocation=
ProjectManager.UAScriptAfterPath=
ProjectManager.UAScriptBeforePath=
ProjectManager.UnderRoot=true
ProjectManager.functionlistsort=1-SystemClock_Config-RCC-false-HAL-false,2-MX_GPIO_Init-GPIO-false-HAL-true,3-MX_I2C1_Init-I2C1-false-HAL-true,4-MX_I2C2_Init-I2C2-false-HAL-true,5-MX_I2C3_Init-I2C3-false-HAL-true,6-MX_USART1_UART_Init-USART1-false-HAL-true,7-MX_RTC_Init-RTC-false-HAL-true,8-MX_TIM1_Init-TIM1-false-HAL-true
RCC.48MHZClocksFreq_Value=40000000
RCC.AHBFreq_Value=40000000
RCC.APB1Freq_Value=40000000
RCC.APB1TimFreq_Value=40000000
RCC.APB2Freq_Value=40000000
RCC.APB2TimFreq_Value=40000000
RCC.CortexFreq_Value=40000000
RCC.EthernetFreq_Value=40000000
RCC.FCLKCortexFreq_Value=40000000
RCC.FamilyName=M
RCC.HCLKFreq_Value=40000000
RCC.HSE_VALUE=20000000
RCC.HSI_VALUE=16000000
RCC.I2SClocksFreq_Value=120000000
RCC.IPParameters=48MHZClocksFreq_Value,AHBFreq_Value,APB1Freq_Value,APB1TimFreq_Value,APB2Freq_Value,APB2TimFreq_Value,CortexFreq_Value,EthernetFreq_Value,FCLKCortexFreq_Value,FamilyName,HCLKFreq_Value,HSE_VALUE,HSI_VALUE,I2SClocksFreq_Value,LSE_VALUE,LSI_VALUE,MCO2PinFreq_Value,PLLCLKFreq_Value,PLLM,PLLN,PLLP,PLLQCLKFreq_Value,PLLSourceVirtual,RTCFreq_Value,RTCHSEDivFreq_Value,SYSCLKFreq_VALUE,SYSCLKSource,VCOI2SOutputFreq_Value,VCOInputFreq_Value,VCOInputMFreq_Value,VCOOutputFreq_Value,VcooutputI2S
RCC.LSE_VALUE=32768
RCC.LSI_VALUE=32000
RCC.MCO2PinFreq_Value=40000000
RCC.PLLCLKFreq_Value=40000000
RCC.PLLM=10
RCC.PLLN=80
RCC.PLLP=RCC_PLLP_DIV4
RCC.PLLQCLKFreq_Value=40000000
RCC.PLLSourceVirtual=RCC_PLLSOURCE_HSE
RCC.RTCFreq_Value=32000
RCC.RTCHSEDivFreq_Value=10000000
RCC.SYSCLKFreq_VALUE=40000000
RCC.SYSCLKSource=RCC_SYSCLKSOURCE_PLLCLK
RCC.VCOI2SOutputFreq_Value=240000000
RCC.VCOInputFreq_Value=2000000
RCC.VCOInputMFreq_Value=1250000
RCC.VCOOutputFreq_Value=160000000
RCC.VcooutputI2S=120000000
SH.GPXTI0.0=GPIO_EXTI0
SH.GPXTI0.ConfNb=1
SH.GPXTI1.0=GPIO_EXTI1
SH.GPXTI1.ConfNb=1
USART1.BaudRate=31250
USART1.IPParameters=VirtualMode,BaudRate,Mode
USART1.Mode=MODE_TX_RX
USART1.VirtualMode=VM_ASYNC
VP_RTC_VS_RTC_Activate.Mode=RTC_Enabled
VP_RTC_VS_RTC_Activate.Signal=RTC_VS_RTC_Activate
VP_SYS_VS_Systick.Mode=SysTick
VP_SYS_VS_Systick.Signal=SYS_VS_Systick
VP_TIM1_VS_ClockSourceINT.Mode=Internal
VP_TIM1_VS_ClockSourceINT.Signal=TIM1_VS_ClockSourceINT
board=custom
isbadioc=false
